
Microsoft Visual Studio Solution File, Format Version 12.00
# Visual Studio Version 17
VisualStudioVersion = 17.8.34322.80
MinimumVisualStudioVersion = 10.0.40219.1
Project("{9A19103F-16F7-4668-BE54-9A1E7A4F7556}") = "API", "API.csproj", "{CE950DFA-D112-49DB-8E38-20F00CD8C717}"
EndProject
Project("{FAE04EC0-301F-11D3-BF4B-00C04F79EFBC}") = "Infrastructure", "..\Infrastructure\Infrastructure.csproj", "{A129D838-0EDB-4DAF-B516-580003BDEE0E}"
EndProject
Project("{FAE04EC0-301F-11D3-BF4B-00C04F79EFBC}") = "Core", "..\Core\Core.csproj", "{58AF9782-1320-4AA2-BEDD-5229D108DA37}"
EndProject
Global
	GlobalSection(SolutionConfigurationPlatforms) = preSolution
		Debug|Any CPU = Debug|Any CPU
		Release|Any CPU = Release|Any CPU
	EndGlobalSection
	GlobalSection(ProjectConfigurationPlatforms) = postSolution
		{CE950DFA-D112-49DB-8E38-20F00CD8C717}.Debug|Any CPU.ActiveCfg = Debug|Any CPU
		{CE950DFA-D112-49DB-8E38-20F00CD8C717}.Debug|Any CPU.Build.0 = Debug|Any CPU
		{CE950DFA-D112-49DB-8E38-20F00CD8C717}.Release|Any CPU.ActiveCfg = Release|Any CPU
		{CE950DFA-D112-49DB-8E38-20F00CD8C717}.Release|Any CPU.Build.0 = Release|Any CPU
		{A129D838-0EDB-4DAF-B516-580003BDEE0E}.Debug|Any CPU.ActiveCfg = Debug|Any CPU
		{A129D838-0EDB-4DAF-B516-580003BDEE0E}.Debug|Any CPU.Build.0 = Debug|Any CPU
		{A129D838-0EDB-4DAF-B516-580003BDEE0E}.Release|Any CPU.ActiveCfg = Release|Any CPU
		{A129D838-0EDB-4DAF-B516-580003BDEE0E}.Release|Any CPU.Build.0 = Release|Any CPU
		{58AF9782-1320-4AA2-BEDD-5229D108DA37}.Debug|Any CPU.ActiveCfg = Debug|Any CPU
		{58AF9782-1320-4AA2-BEDD-5229D108DA37}.Debug|Any CPU.Build.0 = Debug|Any CPU
		{58AF9782-1320-4AA2-BEDD-5229D108DA37}.Release|Any CPU.ActiveCfg = Release|Any CPU
		{58AF9782-1320-4AA2-BEDD-5229D108DA37}.Release|Any CPU.Build.0 = Release|Any CPU
	EndGlobalSection
	GlobalSection(SolutionProperties) = preSolution
		HideSolutionNode = FALSE
	EndGlobalSection
	GlobalSection(ExtensibilityGlobals) = postSolution
		SolutionGuid = {ED19D043-E157-4B81-8C69-459DEB4910FB}
	EndGlobalSection
EndGlobal
